
Microsoft Visual Studio Solution File, Format Version 12.00
# Visual Studio 15
VisualStudioVersion = 15.0.27703.2026
MinimumVisualStudioVersion = 10.0.40219.1
Project("{FAE04EC0-301F-11D3-BF4B-00C04F79EFBC}") = "Falcon_Emissor_Fiscal", "Falcon_Emissor_Fiscal\Falcon_Emissor_Fiscal.csproj", "{4B10AC82-4253-4D17-BFF0-5ADE3EC90F3F}"
EndProject
Global
	GlobalSection(SolutionConfigurationPlatforms) = preSolution
		Debug|Any CPU = Debug|Any CPU
		Release|Any CPU = Release|Any CPU
	EndGlobalSection
	GlobalSection(ProjectConfigurationPlatforms) = postSolution
		{4B10AC82-4253-4D17-BFF0-5ADE3EC90F3F}.Debug|Any CPU.ActiveCfg = Debug|Any CPU
		{4B10AC82-4253-4D17-BFF0-5ADE3EC90F3F}.Debug|Any CPU.Build.0 = Debug|Any CPU
		{4B10AC82-4253-4D17-BFF0-5ADE3EC90F3F}.Release|Any CPU.ActiveCfg = Release|Any CPU
		{4B10AC82-4253-4D17-BFF0-5ADE3EC90F3F}.Release|Any CPU.Build.0 = Release|Any CPU
	EndGlobalSection
	GlobalSection(SolutionProperties) = preSolution
		HideSolutionNode = FALSE
	EndGlobalSection
	GlobalSection(ExtensibilityGlobals) = postSolution
		SolutionGuid = {79AA4737-D70A-4CC8-A0E6-980CEAA4B776}
	EndGlobalSection
EndGlobal
